
Microsoft Visual Studio Solution File, Format Version 12.00
# Visual Studio Version 17
VisualStudioVersion = 17.5.33424.131
MinimumVisualStudioVersion = 10.0.40219.1
Project("{FAE04EC0-301F-11D3-BF4B-00C04F79EFBC}") = "odev3", "odev3\odev3.csproj", "{4CA69F77-435C-431E-8ED3-2DF6A76D78EC}"
EndProject
Global
	GlobalSection(SolutionConfigurationPlatforms) = preSolution
		Debug|Any CPU = Debug|Any CPU
		Release|Any CPU = Release|Any CPU
	EndGlobalSection
	GlobalSection(ProjectConfigurationPlatforms) = postSolution
		{4CA69F77-435C-431E-8ED3-2DF6A76D78EC}.Debug|Any CPU.ActiveCfg = Debug|Any CPU
		{4CA69F77-435C-431E-8ED3-2DF6A76D78EC}.Debug|Any CPU.Build.0 = Debug|Any CPU
		{4CA69F77-435C-431E-8ED3-2DF6A76D78EC}.Release|Any CPU.ActiveCfg = Release|Any CPU
		{4CA69F77-435C-431E-8ED3-2DF6A76D78EC}.Release|Any CPU.Build.0 = Release|Any CPU
	EndGlobalSection
	GlobalSection(SolutionProperties) = preSolution
		HideSolutionNode = FALSE
	EndGlobalSection
	GlobalSection(ExtensibilityGlobals) = postSolution
		SolutionGuid = {43BF4575-70A6-4B9D-AD02-A481CE6CD62A}
	EndGlobalSection
EndGlobal
